// !$*UTF8*$!
{
	archiveVersion = 1;
	classes = {
	};
	objectVersion = 51;
	objects = {

/* Begin PBXBuildFile section */
		161D1B06262EE41900EE80DE /* RealmDataModel.swift in Sources */ = {isa = PBXBuildFile; fileRef = 161D1B05262EE41900EE80DE /* RealmDataModel.swift */; };
		161D1B37262FCB0000EE80DE /* (null) in Embed Frameworks */ = {isa = PBXBuildFile; settings = {ATTRIBUTES = (CodeSignOnCopy, RemoveHeadersOnCopy, ); }; };
		1658D536263173130011A06A /* ScoreBoardUIView.swift in Sources */ = {isa = PBXBuildFile; fileRef = 1658D535263173130011A06A /* ScoreBoardUIView.swift */; };
		166D5A802647C142009BB470 /* Common.swift in Sources */ = {isa = PBXBuildFile; fileRef = 166D5A7F2647C142009BB470 /* Common.swift */; };
		166D5A842647DB22009BB470 /* AdView.swift in Sources */ = {isa = PBXBuildFile; fileRef = 166D5A832647DB22009BB470 /* AdView.swift */; };
		166D5AA02647E585009BB470 /* GoogleService-Info.plist in Resources */ = {isa = PBXBuildFile; fileRef = 166D5A9F2647E585009BB470 /* GoogleService-Info.plist */; };
		1674BE5425D56A060057D3EB /* RegistData.swift in Sources */ = {isa = PBXBuildFile; fileRef = 1674BE5325D56A060057D3EB /* RegistData.swift */; };
		1674BE5925D56AEF0057D3EB /* Const.swift in Sources */ = {isa = PBXBuildFile; fileRef = 1674BE5825D56AEF0057D3EB /* Const.swift */; };
		1674BE5E25D5866F0057D3EB /* TextFieldAlertView.swift in Sources */ = {isa = PBXBuildFile; fileRef = 1674BE5D25D5866F0057D3EB /* TextFieldAlertView.swift */; };
		167C385C2636AB8C00546044 /* Item.swift in Sources */ = {isa = PBXBuildFile; fileRef = 167C385B2636AB8C00546044 /* Item.swift */; };
		167C38602636AE8600546044 /* ItemStore.swift in Sources */ = {isa = PBXBuildFile; fileRef = 167C385F2636AE8600546044 /* ItemStore.swift */; };
		169167A2262C435F000FC882 /* FirstSettingUIView.swift in Sources */ = {isa = PBXBuildFile; fileRef = 169167A1262C435F000FC882 /* FirstSettingUIView.swift */; };
		169167A7262D5307000FC882 /* UIControllerView.swift in Sources */ = {isa = PBXBuildFile; fileRef = 169167A6262D5307000FC882 /* UIControllerView.swift */; };
		169345A8263D522C00EC32AE /* ParentScoreUIView.swift in Sources */ = {isa = PBXBuildFile; fileRef = 169345A7263D522C00EC32AE /* ParentScoreUIView.swift */; };
		169345B0263D569900EC32AE /* MoneyBoardUIView.swift in Sources */ = {isa = PBXBuildFile; fileRef = 169345AF263D569900EC32AE /* MoneyBoardUIView.swift */; };
		169345B8263DDA2700EC32AE /* TestTextfield.swift in Sources */ = {isa = PBXBuildFile; fileRef = 169345B7263DDA2700EC32AE /* TestTextfield.swift */; };
		169345BC263EBA2C00EC32AE /* HistoryUIView.swift in Sources */ = {isa = PBXBuildFile; fileRef = 169345BB263EBA2C00EC32AE /* HistoryUIView.swift */; };
		169345C2263ECA9100EC32AE /* MainMenuSwiftUIView.swift in Sources */ = {isa = PBXBuildFile; fileRef = 169345C1263ECA9100EC32AE /* MainMenuSwiftUIView.swift */; };
		169345D5264168AC00EC32AE /* SettingUIView.swift in Sources */ = {isa = PBXBuildFile; fileRef = 169345D4264168AA00EC32AE /* SettingUIView.swift */; };
		16DA3AF325D2CCD000CB172A /* AppDelegate.swift in Sources */ = {isa = PBXBuildFile; fileRef = 16DA3AF225D2CCD000CB172A /* AppDelegate.swift */; };
		16DA3AF525D2CCD000CB172A /* SceneDelegate.swift in Sources */ = {isa = PBXBuildFile; fileRef = 16DA3AF425D2CCD000CB172A /* SceneDelegate.swift */; };
		16DA3AF725D2CCD000CB172A /* MemberSelectUIView.swift in Sources */ = {isa = PBXBuildFile; fileRef = 16DA3AF625D2CCD000CB172A /* MemberSelectUIView.swift */; };
		16DA3AF925D2CCD100CB172A /* Assets.xcassets in Resources */ = {isa = PBXBuildFile; fileRef = 16DA3AF825D2CCD100CB172A /* Assets.xcassets */; };
		16DA3AFC25D2CCD100CB172A /* Preview Assets.xcassets in Resources */ = {isa = PBXBuildFile; fileRef = 16DA3AFB25D2CCD100CB172A /* Preview Assets.xcassets */; };
		16DA3AFF25D2CCD100CB172A /* LaunchScreen.storyboard in Resources */ = {isa = PBXBuildFile; fileRef = 16DA3AFD25D2CCD100CB172A /* LaunchScreen.storyboard */; };
		16DA3B0A25D2CCD200CB172A /* olnpickGolferTests.swift in Sources */ = {isa = PBXBuildFile; fileRef = 16DA3B0925D2CCD200CB172A /* olnpickGolferTests.swift */; };
		16DA3B1525D2CCD200CB172A /* olnpickGolferUITests.swift in Sources */ = {isa = PBXBuildFile; fileRef = 16DA3B1425D2CCD200CB172A /* olnpickGolferUITests.swift */; };
		16DA3B3325D3EEB900CB172A /* InputDialog.swift in Sources */ = {isa = PBXBuildFile; fileRef = 16DA3B3225D3EEB800CB172A /* InputDialog.swift */; };
		2DEBCD8795753BCEDA53FB83 /* Pods_olnpickGolfer.framework in Frameworks */ = {isa = PBXBuildFile; fileRef = 7DB72E8BE149FE7307976F50 /* Pods_olnpickGolfer.framework */; settings = {ATTRIBUTES = (Weak, ); }; };
		69FF3AE8E28FE8A5DB585CDB /* Pods_olnpickGolferTests.framework in Frameworks */ = {isa = PBXBuildFile; fileRef = 7BAC2CB9045F70E2EC3B170A /* Pods_olnpickGolferTests.framework */; };
		C235404FFBFAED56A3D2B1D2 /* Pods_olnpickGolfer_olnpickGolferUITests.framework in Frameworks */ = {isa = PBXBuildFile; fileRef = FE015CA31A57115A2925F683 /* Pods_olnpickGolfer_olnpickGolferUITests.framework */; };
/* End PBXBuildFile section */

/* Begin PBXContainerItemProxy section */
		16DA3B0625D2CCD200CB172A /* PBXContainerItemProxy */ = {
			isa = PBXContainerItemProxy;
			containerPortal = 16DA3AE725D2CCCF00CB172A /* Project object */;
			proxyType = 1;
			remoteGlobalIDString = 16DA3AEE25D2CCD000CB172A;
			remoteInfo = olnpickGolfer;
		};
		16DA3B1125D2CCD200CB172A /* PBXContainerItemProxy */ = {
			isa = PBXContainerItemProxy;
			containerPortal = 16DA3AE725D2CCCF00CB172A /* Project object */;
			proxyType = 1;
			remoteGlobalIDString = 16DA3AEE25D2CCD000CB172A;
			remoteInfo = olnpickGolfer;
		};
/* End PBXContainerItemProxy section */

/* Begin PBXCopyFilesBuildPhase section */
		161D1B38262FCB0000EE80DE /* Embed Frameworks */ = {
			isa = PBXCopyFilesBuildPhase;
			buildActionMask = 2147483647;
			dstPath = "";
			dstSubfolderSpec = 10;
			files = (
				161D1B37262FCB0000EE80DE /* (null) in Embed Frameworks */,
			);
			name = "Embed Frameworks";
			runOnlyForDeploymentPostprocessing = 0;
		};
/* End PBXCopyFilesBuildPhase section */

/* Begin PBXFileReference section */
		161D1B05262EE41900EE80DE /* RealmDataModel.swift */ = {isa = PBXFileReference; lastKnownFileType = sourcecode.swift; path = RealmDataModel.swift; sourceTree = "<group>"; };
		1658D535263173130011A06A /* ScoreBoardUIView.swift */ = {isa = PBXFileReference; lastKnownFileType = sourcecode.swift; path = ScoreBoardUIView.swift; sourceTree = "<group>"; };
		166D5A7F2647C142009BB470 /* Common.swift */ = {isa = PBXFileReference; lastKnownFileType = sourcecode.swift; path = Common.swift; sourceTree = "<group>"; };
		166D5A832647DB22009BB470 /* AdView.swift */ = {isa = PBXFileReference; lastKnownFileType = sourcecode.swift; path = AdView.swift; sourceTree = "<group>"; };
		166D5A9F2647E585009BB470 /* GoogleService-Info.plist */ = {isa = PBXFileReference; fileEncoding = 4; lastKnownFileType = text.plist.xml; path = "GoogleService-Info.plist"; sourceTree = "<group>"; };
		1674BE5325D56A060057D3EB /* RegistData.swift */ = {isa = PBXFileReference; lastKnownFileType = sourcecode.swift; path = RegistData.swift; sourceTree = "<group>"; };
		1674BE5825D56AEF0057D3EB /* Const.swift */ = {isa = PBXFileReference; lastKnownFileType = sourcecode.swift; path = Const.swift; sourceTree = "<group>"; };
		1674BE5D25D5866F0057D3EB /* TextFieldAlertView.swift */ = {isa = PBXFileReference; lastKnownFileType = sourcecode.swift; path = TextFieldAlertView.swift; sourceTree = "<group>"; };
		167C385B2636AB8C00546044 /* Item.swift */ = {isa = PBXFileReference; lastKnownFileType = sourcecode.swift; path = Item.swift; sourceTree = "<group>"; };
		167C385F2636AE8600546044 /* ItemStore.swift */ = {isa = PBXFileReference; lastKnownFileType = sourcecode.swift; path = ItemStore.swift; sourceTree = "<group>"; };
		169167A1262C435F000FC882 /* FirstSettingUIView.swift */ = {isa = PBXFileReference; lastKnownFileType = sourcecode.swift; path = FirstSettingUIView.swift; sourceTree = "<group>"; };
		169167A6262D5307000FC882 /* UIControllerView.swift */ = {isa = PBXFileReference; lastKnownFileType = sourcecode.swift; path = UIControllerView.swift; sourceTree = "<group>"; };
		169345A7263D522C00EC32AE /* ParentScoreUIView.swift */ = {isa = PBXFileReference; lastKnownFileType = sourcecode.swift; path = ParentScoreUIView.swift; sourceTree = "<group>"; };
		169345AF263D569900EC32AE /* MoneyBoardUIView.swift */ = {isa = PBXFileReference; lastKnownFileType = sourcecode.swift; path = MoneyBoardUIView.swift; sourceTree = "<group>"; };
		169345B7263DDA2700EC32AE /* TestTextfield.swift */ = {isa = PBXFileReference; lastKnownFileType = sourcecode.swift; path = TestTextfield.swift; sourceTree = "<group>"; };
		169345BB263EBA2C00EC32AE /* HistoryUIView.swift */ = {isa = PBXFileReference; lastKnownFileType = sourcecode.swift; path = HistoryUIView.swift; sourceTree = "<group>"; };
		169345C1263ECA9100EC32AE /* MainMenuSwiftUIView.swift */ = {isa = PBXFileReference; lastKnownFileType = sourcecode.swift; path = MainMenuSwiftUIView.swift; sourceTree = "<group>"; };
		169345D4264168AA00EC32AE /* SettingUIView.swift */ = {isa = PBXFileReference; lastKnownFileType = sourcecode.swift; path = SettingUIView.swift; sourceTree = "<group>"; };
		16DA3AEF25D2CCD000CB172A /* olnpickGolfer.app */ = {isa = PBXFileReference; explicitFileType = wrapper.application; includeInIndex = 0; path = olnpickGolfer.app; sourceTree = BUILT_PRODUCTS_DIR; };
		16DA3AF225D2CCD000CB172A /* AppDelegate.swift */ = {isa = PBXFileReference; lastKnownFileType = sourcecode.swift; path = AppDelegate.swift; sourceTree = "<group>"; };
		16DA3AF425D2CCD000CB172A /* SceneDelegate.swift */ = {isa = PBXFileReference; lastKnownFileType = sourcecode.swift; path = SceneDelegate.swift; sourceTree = "<group>"; };
		16DA3AF625D2CCD000CB172A /* MemberSelectUIView.swift */ = {isa = PBXFileReference; lastKnownFileType = sourcecode.swift; path = MemberSelectUIView.swift; sourceTree = "<group>"; };
		16DA3AF825D2CCD100CB172A /* Assets.xcassets */ = {isa = PBXFileReference; lastKnownFileType = folder.assetcatalog; path = Assets.xcassets; sourceTree = "<group>"; };
		16DA3AFB25D2CCD100CB172A /* Preview Assets.xcassets */ = {isa = PBXFileReference; lastKnownFileType = folder.assetcatalog; path = "Preview Assets.xcassets"; sourceTree = "<group>"; };
		16DA3AFE25D2CCD100CB172A /* Base */ = {isa = PBXFileReference; lastKnownFileType = file.storyboard; name = Base; path = Base.lproj/LaunchScreen.storyboard; sourceTree = "<group>"; };
		16DA3B0025D2CCD100CB172A /* Info.plist */ = {isa = PBXFileReference; lastKnownFileType = text.plist.xml; path = Info.plist; sourceTree = "<group>"; };
		16DA3B0525D2CCD200CB172A /* olnpickGolferTests.xctest */ = {isa = PBXFileReference; explicitFileType = wrapper.cfbundle; includeInIndex = 0; path = olnpickGolferTests.xctest; sourceTree = BUILT_PRODUCTS_DIR; };
		16DA3B0925D2CCD200CB172A /* olnpickGolferTests.swift */ = {isa = PBXFileReference; lastKnownFileType = sourcecode.swift; path = olnpickGolferTests.swift; sourceTree = "<group>"; };
		16DA3B0B25D2CCD200CB172A /* Info.plist */ = {isa = PBXFileReference; lastKnownFileType = text.plist.xml; path = Info.plist; sourceTree = "<group>"; };
		16DA3B1025D2CCD200CB172A /* olnpickGolferUITests.xctest */ = {isa = PBXFileReference; explicitFileType = wrapper.cfbundle; includeInIndex = 0; path = olnpickGolferUITests.xctest; sourceTree = BUILT_PRODUCTS_DIR; };
		16DA3B1425D2CCD200CB172A /* olnpickGolferUITests.swift */ = {isa = PBXFileReference; lastKnownFileType = sourcecode.swift; path = olnpickGolferUITests.swift; sourceTree = "<group>"; };
		16DA3B1625D2CCD200CB172A /* Info.plist */ = {isa = PBXFileReference; lastKnownFileType = text.plist.xml; path = Info.plist; sourceTree = "<group>"; };
		16DA3B3225D3EEB800CB172A /* InputDialog.swift */ = {isa = PBXFileReference; lastKnownFileType = sourcecode.swift; path = InputDialog.swift; sourceTree = "<group>"; };
		18AE928A6C04888F792331B3 /* Pods-olnpickGolfer-olnpickGolferUITests.release.xcconfig */ = {isa = PBXFileReference; includeInIndex = 1; lastKnownFileType = text.xcconfig; name = "Pods-olnpickGolfer-olnpickGolferUITests.release.xcconfig"; path = "Target Support Files/Pods-olnpickGolfer-olnpickGolferUITests/Pods-olnpickGolfer-olnpickGolferUITests.release.xcconfig"; sourceTree = "<group>"; };
		24B4D58EAFD615CAC52AE3E5 /* Pods-olnpickGolferTests.debug.xcconfig */ = {isa = PBXFileReference; includeInIndex = 1; lastKnownFileType = text.xcconfig; name = "Pods-olnpickGolferTests.debug.xcconfig"; path = "Target Support Files/Pods-olnpickGolferTests/Pods-olnpickGolferTests.debug.xcconfig"; sourceTree = "<group>"; };
		3F5D79610BC9B4994DD9E739 /* Pods-olnpickGolfer.release.xcconfig */ = {isa = PBXFileReference; includeInIndex = 1; lastKnownFileType = text.xcconfig; name = "Pods-olnpickGolfer.release.xcconfig"; path = "Target Support Files/Pods-olnpickGolfer/Pods-olnpickGolfer.release.xcconfig"; sourceTree = "<group>"; };
		6D1083EE4CB32A8E20C92D2B /* Pods-olnpickGolfer.debug.xcconfig */ = {isa = PBXFileReference; includeInIndex = 1; lastKnownFileType = text.xcconfig; name = "Pods-olnpickGolfer.debug.xcconfig"; path = "Target Support Files/Pods-olnpickGolfer/Pods-olnpickGolfer.debug.xcconfig"; sourceTree = "<group>"; };
		7BAC2CB9045F70E2EC3B170A /* Pods_olnpickGolferTests.framework */ = {isa = PBXFileReference; explicitFileType = wrapper.framework; includeInIndex = 0; path = Pods_olnpickGolferTests.framework; sourceTree = BUILT_PRODUCTS_DIR; };
		7DB72E8BE149FE7307976F50 /* Pods_olnpickGolfer.framework */ = {isa = PBXFileReference; explicitFileType = wrapper.framework; includeInIndex = 0; path = Pods_olnpickGolfer.framework; sourceTree = BUILT_PRODUCTS_DIR; };
		DD20AF2930E865CAEF7D72F2 /* Pods-olnpickGolferTests.release.xcconfig */ = {isa = PBXFileReference; includeInIndex = 1; lastKnownFileType = text.xcconfig; name = "Pods-olnpickGolferTests.release.xcconfig"; path = "Target Support Files/Pods-olnpickGolferTests/Pods-olnpickGolferTests.release.xcconfig"; sourceTree = "<group>"; };
		E190F9338EDB4688A5F0CB6C /* Pods-olnpickGolfer-olnpickGolferUITests.debug.xcconfig */ = {isa = PBXFileReference; includeInIndex = 1; lastKnownFileType = text.xcconfig; name = "Pods-olnpickGolfer-olnpickGolferUITests.debug.xcconfig"; path = "Target Support Files/Pods-olnpickGolfer-olnpickGolferUITests/Pods-olnpickGolfer-olnpickGolferUITests.debug.xcconfig"; sourceTree = "<group>"; };
		FE015CA31A57115A2925F683 /* Pods_olnpickGolfer_olnpickGolferUITests.framework */ = {isa = PBXFileReference; explicitFileType = wrapper.framework; includeInIndex = 0; path = Pods_olnpickGolfer_olnpickGolferUITests.framework; sourceTree = BUILT_PRODUCTS_DIR; };
/* End PBXFileReference section */

/* Begin PBXFrameworksBuildPhase section */
		16DA3AEC25D2CCD000CB172A /* Frameworks */ = {
			isa = PBXFrameworksBuildPhase;
			buildActionMask = 2147483647;
			files = (
				2DEBCD8795753BCEDA53FB83 /* Pods_olnpickGolfer.framework in Frameworks */,
			);
			runOnlyForDeploymentPostprocessing = 0;
		};
		16DA3B0225D2CCD200CB172A /* Frameworks */ = {
			isa = PBXFrameworksBuildPhase;
			buildActionMask = 2147483647;
			files = (
				69FF3AE8E28FE8A5DB585CDB /* Pods_olnpickGolferTests.framework in Frameworks */,
			);
			runOnlyForDeploymentPostprocessing = 0;
		};
		16DA3B0D25D2CCD200CB172A /* Frameworks */ = {
			isa = PBXFrameworksBuildPhase;
			buildActionMask = 2147483647;
			files = (
				C235404FFBFAED56A3D2B1D2 /* Pods_olnpickGolfer_olnpickGolferUITests.framework in Frameworks */,
			);
			runOnlyForDeploymentPostprocessing = 0;
		};
/* End PBXFrameworksBuildPhase section */

/* Begin PBXGroup section */
		16DA3AE625D2CCCF00CB172A = {
			isa = PBXGroup;
			children = (
				16DA3AF125D2CCD000CB172A /* olnpickGolfer */,
				16DA3B0825D2CCD200CB172A /* olnpickGolferTests */,
				16DA3B1325D2CCD200CB172A /* olnpickGolferUITests */,
				16DA3AF025D2CCD000CB172A /* Products */,
				5578D83FC05B5768661E6CE3 /* Pods */,
				25E082910BF5258259689A90 /* Frameworks */,
			);
			sourceTree = "<group>";
		};
		16DA3AF025D2CCD000CB172A /* Products */ = {
			isa = PBXGroup;
			children = (
				16DA3AEF25D2CCD000CB172A /* olnpickGolfer.app */,
				16DA3B0525D2CCD200CB172A /* olnpickGolferTests.xctest */,
				16DA3B1025D2CCD200CB172A /* olnpickGolferUITests.xctest */,
			);
			name = Products;
			sourceTree = "<group>";
		};
		16DA3AF125D2CCD000CB172A /* olnpickGolfer */ = {
			isa = PBXGroup;
			children = (
				166D5A9F2647E585009BB470 /* GoogleService-Info.plist */,
				16DA3AF225D2CCD000CB172A /* AppDelegate.swift */,
				166D5A832647DB22009BB470 /* AdView.swift */,
				16DA3AF425D2CCD000CB172A /* SceneDelegate.swift */,
				169345BB263EBA2C00EC32AE /* HistoryUIView.swift */,
				16DA3AF625D2CCD000CB172A /* MemberSelectUIView.swift */,
				169167A1262C435F000FC882 /* FirstSettingUIView.swift */,
				169345D4264168AA00EC32AE /* SettingUIView.swift */,
				169345C1263ECA9100EC32AE /* MainMenuSwiftUIView.swift */,
				169167A6262D5307000FC882 /* UIControllerView.swift */,
				169345A7263D522C00EC32AE /* ParentScoreUIView.swift */,
				1658D535263173130011A06A /* ScoreBoardUIView.swift */,
				169345AF263D569900EC32AE /* MoneyBoardUIView.swift */,
				16DA3B3225D3EEB800CB172A /* InputDialog.swift */,
				1674BE5325D56A060057D3EB /* RegistData.swift */,
				1674BE5825D56AEF0057D3EB /* Const.swift */,
				1674BE5D25D5866F0057D3EB /* TextFieldAlertView.swift */,
				161D1B05262EE41900EE80DE /* RealmDataModel.swift */,
				166D5A7F2647C142009BB470 /* Common.swift */,
				167C385B2636AB8C00546044 /* Item.swift */,
				167C385F2636AE8600546044 /* ItemStore.swift */,
				169345B7263DDA2700EC32AE /* TestTextfield.swift */,
				16DA3AF825D2CCD100CB172A /* Assets.xcassets */,
				16DA3AFD25D2CCD100CB172A /* LaunchScreen.storyboard */,
				16DA3B0025D2CCD100CB172A /* Info.plist */,
				16DA3AFA25D2CCD100CB172A /* Preview Content */,
			);
			path = olnpickGolfer;
			sourceTree = "<group>";
		};
		16DA3AFA25D2CCD100CB172A /* Preview Content */ = {
			isa = PBXGroup;
			children = (
				16DA3AFB25D2CCD100CB172A /* Preview Assets.xcassets */,
			);
			path = "Preview Content";
			sourceTree = "<group>";
		};
		16DA3B0825D2CCD200CB172A /* olnpickGolferTests */ = {
			isa = PBXGroup;
			children = (
				16DA3B0925D2CCD200CB172A /* olnpickGolferTests.swift */,
				16DA3B0B25D2CCD200CB172A /* Info.plist */,
			);
			path = olnpickGolferTests;
			sourceTree = "<group>";
		};
		16DA3B1325D2CCD200CB172A /* olnpickGolferUITests */ = {
			isa = PBXGroup;
			children = (
				16DA3B1425D2CCD200CB172A /* olnpickGolferUITests.swift */,
				16DA3B1625D2CCD200CB172A /* Info.plist */,
			);
			path = olnpickGolferUITests;
			sourceTree = "<group>";
		};
		25E082910BF5258259689A90 /* Frameworks */ = {
			isa = PBXGroup;
			children = (
				7DB72E8BE149FE7307976F50 /* Pods_olnpickGolfer.framework */,
				FE015CA31A57115A2925F683 /* Pods_olnpickGolfer_olnpickGolferUITests.framework */,
				7BAC2CB9045F70E2EC3B170A /* Pods_olnpickGolferTests.framework */,
			);
			name = Frameworks;
			sourceTree = "<group>";
		};
		5578D83FC05B5768661E6CE3 /* Pods */ = {
			isa = PBXGroup;
			children = (
				6D1083EE4CB32A8E20C92D2B /* Pods-olnpickGolfer.debug.xcconfig */,
				3F5D79610BC9B4994DD9E739 /* Pods-olnpickGolfer.release.xcconfig */,
				E190F9338EDB4688A5F0CB6C /* Pods-olnpickGolfer-olnpickGolferUITests.debug.xcconfig */,
				18AE928A6C04888F792331B3 /* Pods-olnpickGolfer-olnpickGolferUITests.release.xcconfig */,
				24B4D58EAFD615CAC52AE3E5 /* Pods-olnpickGolferTests.debug.xcconfig */,
				DD20AF2930E865CAEF7D72F2 /* Pods-olnpickGolferTests.release.xcconfig */,
			);
			path = Pods;
			sourceTree = "<group>";
		};
/* End PBXGroup section */

/* Begin PBXNativeTarget section */
		16DA3AEE25D2CCD000CB172A /* olnpickGolfer */ = {
			isa = PBXNativeTarget;
			buildConfigurationList = 16DA3B1925D2CCD200CB172A /* Build configuration list for PBXNativeTarget "olnpickGolfer" */;
			buildPhases = (
				85E144D7F15CDA410C2BF842 /* [CP] Check Pods Manifest.lock */,
				16DA3AEB25D2CCD000CB172A /* Sources */,
				16DA3AEC25D2CCD000CB172A /* Frameworks */,
				16DA3AED25D2CCD000CB172A /* Resources */,
				161D1B38262FCB0000EE80DE /* Embed Frameworks */,
				86335432785F514603355C94 /* [CP] Embed Pods Frameworks */,
			);
			buildRules = (
			);
			dependencies = (
			);
			name = olnpickGolfer;
			productName = olnpickGolfer;
			productReference = 16DA3AEF25D2CCD000CB172A /* olnpickGolfer.app */;
			productType = "com.apple.product-type.application";
		};
		16DA3B0425D2CCD200CB172A /* olnpickGolferTests */ = {
			isa = PBXNativeTarget;
			buildConfigurationList = 16DA3B1C25D2CCD200CB172A /* Build configuration list for PBXNativeTarget "olnpickGolferTests" */;
			buildPhases = (
				FD08242D6FC2A9AB77A668E8 /* [CP] Check Pods Manifest.lock */,
				16DA3B0125D2CCD200CB172A /* Sources */,
				16DA3B0225D2CCD200CB172A /* Frameworks */,
				16DA3B0325D2CCD200CB172A /* Resources */,
			);
			buildRules = (
			);
			dependencies = (
				16DA3B0725D2CCD200CB172A /* PBXTargetDependency */,
			);
			name = olnpickGolferTests;
			productName = olnpickGolferTests;
			productReference = 16DA3B0525D2CCD200CB172A /* olnpickGolferTests.xctest */;
			productType = "com.apple.product-type.bundle.unit-test";
		};
		16DA3B0F25D2CCD200CB172A /* olnpickGolferUITests */ = {
			isa = PBXNativeTarget;
			buildConfigurationList = 16DA3B1F25D2CCD200CB172A /* Build configuration list for PBXNativeTarget "olnpickGolferUITests" */;
			buildPhases = (
				EFAA118BC5B63011B371E769 /* [CP] Check Pods Manifest.lock */,
				16DA3B0C25D2CCD200CB172A /* Sources */,
				16DA3B0D25D2CCD200CB172A /* Frameworks */,
				16DA3B0E25D2CCD200CB172A /* Resources */,
				C7BCE4C21EDD75C6D5870C51 /* [CP] Embed Pods Frameworks */,
			);
			buildRules = (
			);
			dependencies = (
				16DA3B1225D2CCD200CB172A /* PBXTargetDependency */,
			);
			name = olnpickGolferUITests;
			productName = olnpickGolferUITests;
			productReference = 16DA3B1025D2CCD200CB172A /* olnpickGolferUITests.xctest */;
			productType = "com.apple.product-type.bundle.ui-testing";
		};
/* End PBXNativeTarget section */

/* Begin PBXProject section */
		16DA3AE725D2CCCF00CB172A /* Project object */ = {
			isa = PBXProject;
			attributes = {
				LastSwiftUpdateCheck = 1240;
				LastUpgradeCheck = 1240;
				TargetAttributes = {
					16DA3AEE25D2CCD000CB172A = {
						CreatedOnToolsVersion = 12.4;
					};
					16DA3B0425D2CCD200CB172A = {
						CreatedOnToolsVersion = 12.4;
						TestTargetID = 16DA3AEE25D2CCD000CB172A;
					};
					16DA3B0F25D2CCD200CB172A = {
						CreatedOnToolsVersion = 12.4;
						TestTargetID = 16DA3AEE25D2CCD000CB172A;
					};
				};
			};
			buildConfigurationList = 16DA3AEA25D2CCCF00CB172A /* Build configuration list for PBXProject "olnpickGolfer" */;
			compatibilityVersion = "Xcode 9.3";
			developmentRegion = en;
			hasScannedForEncodings = 0;
			knownRegions = (
				en,
				Base,
			);
			mainGroup = 16DA3AE625D2CCCF00CB172A;
			productRefGroup = 16DA3AF025D2CCD000CB172A /* Products */;
			projectDirPath = "";
			projectRoot = "";
			targets = (
				16DA3AEE25D2CCD000CB172A /* olnpickGolfer */,
				16DA3B0425D2CCD200CB172A /* olnpickGolferTests */,
				16DA3B0F25D2CCD200CB172A /* olnpickGolferUITests */,
			);
		};
/* End PBXProject section */

/* Begin PBXResourcesBuildPhase section */
		16DA3AED25D2CCD000CB172A /* Resources */ = {
			isa = PBXResourcesBuildPhase;
			buildActionMask = 2147483647;
			files = (
				16DA3AFF25D2CCD100CB172A /* LaunchScreen.storyboard in Resources */,
				16DA3AFC25D2CCD100CB172A /* Preview Assets.xcassets in Resources */,
				16DA3AF925D2CCD100CB172A /* Assets.xcassets in Resources */,
				166D5AA02647E585009BB470 /* GoogleService-Info.plist in Resources */,
			);
			runOnlyForDeploymentPostprocessing = 0;
		};
		16DA3B0325D2CCD200CB172A /* Resources */ = {
			isa = PBXResourcesBuildPhase;
			buildActionMask = 2147483647;
			files = (
			);
			runOnlyForDeploymentPostprocessing = 0;
		};
		16DA3B0E25D2CCD200CB172A /* Resources */ = {
			isa = PBXResourcesBuildPhase;
			buildActionMask = 2147483647;
			files = (
			);
			runOnlyForDeploymentPostprocessing = 0;
		};
/* End PBXResourcesBuildPhase section */

/* Begin PBXShellScriptBuildPhase section */
		85E144D7F15CDA410C2BF842 /* [CP] Check Pods Manifest.lock */ = {
			isa = PBXShellScriptBuildPhase;
			buildActionMask = 2147483647;
			files = (
			);
			inputFileListPaths = (
			);
			inputPaths = (
				"${PODS_PODFILE_DIR_PATH}/Podfile.lock",
				"${PODS_ROOT}/Manifest.lock",
			);
			name = "[CP] Check Pods Manifest.lock";
			outputFileListPaths = (
			);
			outputPaths = (
				"$(DERIVED_FILE_DIR)/Pods-olnpickGolfer-checkManifestLockResult.txt",
			);
			runOnlyForDeploymentPostprocessing = 0;
			shellPath = /bin/sh;
			shellScript = "diff \"${PODS_PODFILE_DIR_PATH}/Podfile.lock\" \"${PODS_ROOT}/Manifest.lock\" > /dev/null\nif [ $? != 0 ] ; then\n    # print error to STDERR\n    echo \"error: The sandbox is not in sync with the Podfile.lock. Run 'pod install' or update your CocoaPods installation.\" >&2\n    exit 1\nfi\n# This output is used by Xcode 'outputs' to avoid re-running this script phase.\necho \"SUCCESS\" > \"${SCRIPT_OUTPUT_FILE_0}\"\n";
			showEnvVarsInLog = 0;
		};
		86335432785F514603355C94 /* [CP] Embed Pods Frameworks */ = {
			isa = PBXShellScriptBuildPhase;
			buildActionMask = 2147483647;
			files = (
			);
			inputFileListPaths = (
				"${PODS_ROOT}/Target Support Files/Pods-olnpickGolfer/Pods-olnpickGolfer-frameworks-${CONFIGURATION}-input-files.xcfilelist",
			);
			name = "[CP] Embed Pods Frameworks";
			outputFileListPaths = (
				"${PODS_ROOT}/Target Support Files/Pods-olnpickGolfer/Pods-olnpickGolfer-frameworks-${CONFIGURATION}-output-files.xcfilelist",
			);
			runOnlyForDeploymentPostprocessing = 0;
			shellPath = /bin/sh;
			shellScript = "\"${PODS_ROOT}/Target Support Files/Pods-olnpickGolfer/Pods-olnpickGolfer-frameworks.sh\"\n";
			showEnvVarsInLog = 0;
		};
		C7BCE4C21EDD75C6D5870C51 /* [CP] Embed Pods Frameworks */ = {
			isa = PBXShellScriptBuildPhase;
			buildActionMask = 2147483647;
			files = (
			);
			inputFileListPaths = (
				"${PODS_ROOT}/Target Support Files/Pods-olnpickGolfer-olnpickGolferUITests/Pods-olnpickGolfer-olnpickGolferUITests-frameworks-${CONFIGURATION}-input-files.xcfilelist",
			);
			name = "[CP] Embed Pods Frameworks";
			outputFileListPaths = (
				"${PODS_ROOT}/Target Support Files/Pods-olnpickGolfer-olnpickGolferUITests/Pods-olnpickGolfer-olnpickGolferUITests-frameworks-${CONFIGURATION}-output-files.xcfilelist",
			);
			runOnlyForDeploymentPostprocessing = 0;
			shellPath = /bin/sh;
			shellScript = "\"${PODS_ROOT}/Target Support Files/Pods-olnpickGolfer-olnpickGolferUITests/Pods-olnpickGolfer-olnpickGolferUITests-frameworks.sh\"\n";
			showEnvVarsInLog = 0;
		};
		EFAA118BC5B63011B371E769 /* [CP] Check Pods Manifest.lock */ = {
			isa = PBXShellScriptBuildPhase;
			buildActionMask = 2147483647;
			files = (
			);
			inputFileListPaths = (
			);
			inputPaths = (
				"${PODS_PODFILE_DIR_PATH}/Podfile.lock",
				"${PODS_ROOT}/Manifest.lock",
			);
			name = "[CP] Check Pods Manifest.lock";
			outputFileListPaths = (
			);
			outputPaths = (
				"$(DERIVED_FILE_DIR)/Pods-olnpickGolfer-olnpickGolferUITests-checkManifestLockResult.txt",
			);
			runOnlyForDeploymentPostprocessing = 0;
			shellPath = /bin/sh;
			shellScript = "diff \"${PODS_PODFILE_DIR_PATH}/Podfile.lock\" \"${PODS_ROOT}/Manifest.lock\" > /dev/null\nif [ $? != 0 ] ; then\n    # print error to STDERR\n    echo \"error: The sandbox is not in sync with the Podfile.lock. Run 'pod install' or update your CocoaPods installation.\" >&2\n    exit 1\nfi\n# This output is used by Xcode 'outputs' to avoid re-running this script phase.\necho \"SUCCESS\" > \"${SCRIPT_OUTPUT_FILE_0}\"\n";
			showEnvVarsInLog = 0;
		};
		FD08242D6FC2A9AB77A668E8 /* [CP] Check Pods Manifest.lock */ = {
			isa = PBXShellScriptBuildPhase;
			buildActionMask = 2147483647;
			files = (
			);
			inputFileListPaths = (
			);
			inputPaths = (
				"${PODS_PODFILE_DIR_PATH}/Podfile.lock",
				"${PODS_ROOT}/Manifest.lock",
			);
			name = "[CP] Check Pods Manifest.lock";
			outputFileListPaths = (
			);
			outputPaths = (
				"$(DERIVED_FILE_DIR)/Pods-olnpickGolferTests-checkManifestLockResult.txt",
			);
			runOnlyForDeploymentPostprocessing = 0;
			shellPath = /bin/sh;
			shellScript = "diff \"${PODS_PODFILE_DIR_PATH}/Podfile.lock\" \"${PODS_ROOT}/Manifest.lock\" > /dev/null\nif [ $? != 0 ] ; then\n    # print error to STDERR\n    echo \"error: The sandbox is not in sync with the Podfile.lock. Run 'pod install' or update your CocoaPods installation.\" >&2\n    exit 1\nfi\n# This output is used by Xcode 'outputs' to avoid re-running this script phase.\necho \"SUCCESS\" > \"${SCRIPT_OUTPUT_FILE_0}\"\n";
			showEnvVarsInLog = 0;
		};
/* End PBXShellScriptBuildPhase section */

/* Begin PBXSourcesBuildPhase section */
		16DA3AEB25D2CCD000CB172A /* Sources */ = {
			isa = PBXSourcesBuildPhase;
			buildActionMask = 2147483647;
			files = (
				16DA3B3325D3EEB900CB172A /* InputDialog.swift in Sources */,
				16DA3AF325D2CCD000CB172A /* AppDelegate.swift in Sources */,
				169345BC263EBA2C00EC32AE /* HistoryUIView.swift in Sources */,
				166D5A842647DB22009BB470 /* AdView.swift in Sources */,
				169345A8263D522C00EC32AE /* ParentScoreUIView.swift in Sources */,
				169345C2263ECA9100EC32AE /* MainMenuSwiftUIView.swift in Sources */,
				169345B0263D569900EC32AE /* MoneyBoardUIView.swift in Sources */,
				169167A2262C435F000FC882 /* FirstSettingUIView.swift in Sources */,
				169167A7262D5307000FC882 /* UIControllerView.swift in Sources */,
				166D5A802647C142009BB470 /* Common.swift in Sources */,
				167C385C2636AB8C00546044 /* Item.swift in Sources */,
				169345D5264168AC00EC32AE /* SettingUIView.swift in Sources */,
				1674BE5E25D5866F0057D3EB /* TextFieldAlertView.swift in Sources */,
				1674BE5925D56AEF0057D3EB /* Const.swift in Sources */,
				16DA3AF525D2CCD000CB172A /* SceneDelegate.swift in Sources */,
				167C38602636AE8600546044 /* ItemStore.swift in Sources */,
				1674BE5425D56A060057D3EB /* RegistData.swift in Sources */,
				161D1B06262EE41900EE80DE /* RealmDataModel.swift in Sources */,
				1658D536263173130011A06A /* ScoreBoardUIView.swift in Sources */,
				169345B8263DDA2700EC32AE /* TestTextfield.swift in Sources */,
				16DA3AF725D2CCD000CB172A /* MemberSelectUIView.swift in Sources */,
			);
			runOnlyForDeploymentPostprocessing = 0;
		};
		16DA3B0125D2CCD200CB172A /* Sources */ = {
			isa = PBXSourcesBuildPhase;
			buildActionMask = 2147483647;
			files = (
				16DA3B0A25D2CCD200CB172A /* olnpickGolferTests.swift in Sources */,
			);
			runOnlyForDeploymentPostprocessing = 0;
		};
		16DA3B0C25D2CCD200CB172A /* Sources */ = {
			isa = PBXSourcesBuildPhase;
			buildActionMask = 2147483647;
			files = (
				16DA3B1525D2CCD200CB172A /* olnpickGolferUITests.swift in Sources */,
			);
			runOnlyForDeploymentPostprocessing = 0;
		};
/* End PBXSourcesBuildPhase section */

/* Begin PBXTargetDependency section */
		16DA3B0725D2CCD200CB172A /* PBXTargetDependency */ = {
			isa = PBXTargetDependency;
			target = 16DA3AEE25D2CCD000CB172A /* olnpickGolfer */;
			targetProxy = 16DA3B0625D2CCD200CB172A /* PBXContainerItemProxy */;
		};
		16DA3B1225D2CCD200CB172A /* PBXTargetDependency */ = {
			isa = PBXTargetDependency;
			target = 16DA3AEE25D2CCD000CB172A /* olnpickGolfer */;
			targetProxy = 16DA3B1125D2CCD200CB172A /* PBXContainerItemProxy */;
		};
/* End PBXTargetDependency section */

/* Begin PBXVariantGroup section */
		16DA3AFD25D2CCD100CB172A /* LaunchScreen.storyboard */ = {
			isa = PBXVariantGroup;
			children = (
				16DA3AFE25D2CCD100CB172A /* Base */,
			);
			name = LaunchScreen.storyboard;
			sourceTree = "<group>";
		};
/* End PBXVariantGroup section */

/* Begin XCBuildConfiguration section */
		16DA3B1725D2CCD200CB172A /* Debug */ = {
			isa = XCBuildConfiguration;
			buildSettings = {
				ALWAYS_SEARCH_USER_PATHS = NO;
				CLANG_ANALYZER_LOCALIZABILITY_NONLOCALIZED = YES;
				CLANG_ANALYZER_NONNULL = YES;
				CLANG_ANALYZER_NUMBER_OBJECT_CONVERSION = YES_AGGRESSIVE;
				CLANG_CXX_LANGUAGE_STANDARD = "gnu++14";
				CLANG_CXX_LIBRARY = "libc++";
				CLANG_ENABLE_MODULES = YES;
				CLANG_ENABLE_OBJC_ARC = YES;
				CLANG_ENABLE_OBJC_WEAK = YES;
				CLANG_WARN_BLOCK_CAPTURE_AUTORELEASING = YES;
				CLANG_WARN_BOOL_CONVERSION = YES;
				CLANG_WARN_COMMA = YES;
				CLANG_WARN_CONSTANT_CONVERSION = YES;
				CLANG_WARN_DEPRECATED_OBJC_IMPLEMENTATIONS = YES;
				CLANG_WARN_DIRECT_OBJC_ISA_USAGE = YES_ERROR;
				CLANG_WARN_DOCUMENTATION_COMMENTS = YES;
				CLANG_WARN_EMPTY_BODY = YES;
				CLANG_WARN_ENUM_CONVERSION = YES;
				CLANG_WARN_INFINITE_RECURSION = YES;
				CLANG_WARN_INT_CONVERSION = YES;
				CLANG_WARN_NON_LITERAL_NULL_CONVERSION = YES;
				CLANG_WARN_OBJC_IMPLICIT_RETAIN_SELF = YES;
				CLANG_WARN_OBJC_LITERAL_CONVERSION = YES;
				CLANG_WARN_OBJC_ROOT_CLASS = YES_ERROR;
				CLANG_WARN_QUOTED_INCLUDE_IN_FRAMEWORK_HEADER = YES;
				CLANG_WARN_RANGE_LOOP_ANALYSIS = YES;
				CLANG_WARN_STRICT_PROTOTYPES = YES;
				CLANG_WARN_SUSPICIOUS_MOVE = YES;
				CLANG_WARN_UNGUARDED_AVAILABILITY = YES_AGGRESSIVE;
				CLANG_WARN_UNREACHABLE_CODE = YES;
				CLANG_WARN__DUPLICATE_METHOD_MATCH = YES;
				COPY_PHASE_STRIP = NO;
				DEBUG_INFORMATION_FORMAT = dwarf;
				ENABLE_STRICT_OBJC_MSGSEND = YES;
				ENABLE_TESTABILITY = YES;
				GCC_C_LANGUAGE_STANDARD = gnu11;
				GCC_DYNAMIC_NO_PIC = NO;
				GCC_NO_COMMON_BLOCKS = YES;
				GCC_OPTIMIZATION_LEVEL = 0;
				GCC_PREPROCESSOR_DEFINITIONS = (
					"DEBUG=1",
					"$(inherited)",
				);
				GCC_WARN_64_TO_32_BIT_CONVERSION = YES;
				GCC_WARN_ABOUT_RETURN_TYPE = YES_ERROR;
				GCC_WARN_UNDECLARED_SELECTOR = YES;
				GCC_WARN_UNINITIALIZED_AUTOS = YES_AGGRESSIVE;
				GCC_WARN_UNUSED_FUNCTION = YES;
				GCC_WARN_UNUSED_VARIABLE = YES;
				IPHONEOS_DEPLOYMENT_TARGET = 14.4;
				MTL_ENABLE_DEBUG_INFO = INCLUDE_SOURCE;
				MTL_FAST_MATH = YES;
				ONLY_ACTIVE_ARCH = YES;
				SDKROOT = iphoneos;
				SWIFT_ACTIVE_COMPILATION_CONDITIONS = DEBUG;
				SWIFT_OPTIMIZATION_LEVEL = "-Onone";
			};
			name = Debug;
		};
		16DA3B1825D2CCD200CB172A /* Release */ = {
			isa = XCBuildConfiguration;
			buildSettings = {
				ALWAYS_SEARCH_USER_PATHS = NO;
				CLANG_ANALYZER_LOCALIZABILITY_NONLOCALIZED = YES;
				CLANG_ANALYZER_NONNULL = YES;
				CLANG_ANALYZER_NUMBER_OBJECT_CONVERSION = YES_AGGRESSIVE;
				CLANG_CXX_LANGUAGE_STANDARD = "gnu++14";
				CLANG_CXX_LIBRARY = "libc++";
				CLANG_ENABLE_MODULES = YES;
				CLANG_ENABLE_OBJC_ARC = YES;
				CLANG_ENABLE_OBJC_WEAK = YES;
				CLANG_WARN_BLOCK_CAPTURE_AUTORELEASING = YES;
				CLANG_WARN_BOOL_CONVERSION = YES;
				CLANG_WARN_COMMA = YES;
				CLANG_WARN_CONSTANT_CONVERSION = YES;
				CLANG_WARN_DEPRECATED_OBJC_IMPLEMENTATIONS = YES;
				CLANG_WARN_DIRECT_OBJC_ISA_USAGE = YES_ERROR;
				CLANG_WARN_DOCUMENTATION_COMMENTS = YES;
				CLANG_WARN_EMPTY_BODY = YES;
				CLANG_WARN_ENUM_CONVERSION = YES;
				CLANG_WARN_INFINITE_RECURSION = YES;
				CLANG_WARN_INT_CONVERSION = YES;
				CLANG_WARN_NON_LITERAL_NULL_CONVERSION = YES;
				CLANG_WARN_OBJC_IMPLICIT_RETAIN_SELF = YES;
				CLANG_WARN_OBJC_LITERAL_CONVERSION = YES;
				CLANG_WARN_OBJC_ROOT_CLASS = YES_ERROR;
				CLANG_WARN_QUOTED_INCLUDE_IN_FRAMEWORK_HEADER = YES;
				CLANG_WARN_RANGE_LOOP_ANALYSIS = YES;
				CLANG_WARN_STRICT_PROTOTYPES = YES;
				CLANG_WARN_SUSPICIOUS_MOVE = YES;
				CLANG_WARN_UNGUARDED_AVAILABILITY = YES_AGGRESSIVE;
				CLANG_WARN_UNREACHABLE_CODE = YES;
				CLANG_WARN__DUPLICATE_METHOD_MATCH = YES;
				COPY_PHASE_STRIP = NO;
				DEBUG_INFORMATION_FORMAT = "dwarf-with-dsym";
				ENABLE_NS_ASSERTIONS = NO;
				ENABLE_STRICT_OBJC_MSGSEND = YES;
				GCC_C_LANGUAGE_STANDARD = gnu11;
				GCC_NO_COMMON_BLOCKS = YES;
				GCC_WARN_64_TO_32_BIT_CONVERSION = YES;
				GCC_WARN_ABOUT_RETURN_TYPE = YES_ERROR;
				GCC_WARN_UNDECLARED_SELECTOR = YES;
				GCC_WARN_UNINITIALIZED_AUTOS = YES_AGGRESSIVE;
				GCC_WARN_UNUSED_FUNCTION = YES;
				GCC_WARN_UNUSED_VARIABLE = YES;
				IPHONEOS_DEPLOYMENT_TARGET = 14.4;
				MTL_ENABLE_DEBUG_INFO = NO;
				MTL_FAST_MATH = YES;
				ONLY_ACTIVE_ARCH = NO;
				SDKROOT = iphoneos;
				SWIFT_COMPILATION_MODE = wholemodule;
				SWIFT_OPTIMIZATION_LEVEL = "-O";
				VALIDATE_PRODUCT = YES;
			};
			name = Release;
		};
		16DA3B1A25D2CCD200CB172A /* Debug */ = {
			isa = XCBuildConfiguration;
			baseConfigurationReference = 6D1083EE4CB32A8E20C92D2B /* Pods-olnpickGolfer.debug.xcconfig */;
			buildSettings = {
				ASSETCATALOG_COMPILER_APPICON_NAME = AppIcon;
				ASSETCATALOG_COMPILER_GLOBAL_ACCENT_COLOR_NAME = AccentColor;
				CODE_SIGN_STYLE = Automatic;
				CURRENT_PROJECT_VERSION = 2;
				DEVELOPMENT_ASSET_PATHS = "\"olnpickGolfer/Preview Content\"";
				DEVELOPMENT_TEAM = 27PDE49Z62;
				ENABLE_PREVIEWS = YES;
				INFOPLIST_FILE = olnpickGolfer/Info.plist;
				LD_RUNPATH_SEARCH_PATHS = (
					"$(inherited)",
					"@executable_path/Frameworks",
				);
				MARKETING_VERSION = 1.0.0;
				PRODUCT_BUNDLE_IDENTIFIER = com.olnpickGolfer.olnpickGolfer;
				PRODUCT_NAME = "$(TARGET_NAME)";
				SWIFT_VERSION = 5.0;
				TARGETED_DEVICE_FAMILY = 1;
			};
			name = Debug;
		};
		16DA3B1B25D2CCD200CB172A /* Release */ = {
			isa = XCBuildConfiguration;
			baseConfigurationReference = 3F5D79610BC9B4994DD9E739 /* Pods-olnpickGolfer.release.xcconfig */;
			buildSettings = {
				ASSETCATALOG_COMPILER_APPICON_NAME = AppIcon;
				ASSETCATALOG_COMPILER_GLOBAL_ACCENT_COLOR_NAME = AccentColor;
				CODE_SIGN_STYLE = Automatic;
				CURRENT_PROJECT_VERSION = 2;
				DEVELOPMENT_ASSET_PATHS = "\"olnpickGolfer/Preview Content\"";
				DEVELOPMENT_TEAM = 27PDE49Z62;
				ENABLE_PREVIEWS = YES;
				INFOPLIST_FILE = olnpickGolfer/Info.plist;
				LD_RUNPATH_SEARCH_PATHS = (
					"$(inherited)",
					"@executable_path/Frameworks",
				);
				MARKETING_VERSION = 1.0.0;
				PRODUCT_BUNDLE_IDENTIFIER = com.olnpickGolfer.olnpickGolfer;
				PRODUCT_NAME = "$(TARGET_NAME)";
				SWIFT_VERSION = 5.0;
				TARGETED_DEVICE_FAMILY = 1;
			};
			name = Release;
		};
		16DA3B1D25D2CCD200CB172A /* Debug */ = {
			isa = XCBuildConfiguration;
			baseConfigurationReference = 24B4D58EAFD615CAC52AE3E5 /* Pods-olnpickGolferTests.debug.xcconfig */;
			buildSettings = {
				ALWAYS_EMBED_SWIFT_STANDARD_LIBRARIES = YES;
				BUNDLE_LOADER = "$(TEST_HOST)";
				CODE_SIGN_STYLE = Automatic;
				INFOPLIST_FILE = olnpickGolferTests/Info.plist;
				IPHONEOS_DEPLOYMENT_TARGET = 14.4;
				LD_RUNPATH_SEARCH_PATHS = (
					"$(inherited)",
					"@executable_path/Frameworks",
					"@loader_path/Frameworks",
				);
				PRODUCT_BUNDLE_IDENTIFIER = com.olnpickGolfer.olnpickGolferTests;
				PRODUCT_NAME = "$(TARGET_NAME)";
				SWIFT_VERSION = 5.0;
				TARGETED_DEVICE_FAMILY = "1,2";
				TEST_HOST = "$(BUILT_PRODUCTS_DIR)/olnpickGolfer.app/olnpickGolfer";
			};
			name = Debug;
		};
		16DA3B1E25D2CCD200CB172A /* Release */ = {
			isa = XCBuildConfiguration;
			baseConfigurationReference = DD20AF2930E865CAEF7D72F2 /* Pods-olnpickGolferTests.release.xcconfig */;
			buildSettings = {
				ALWAYS_EMBED_SWIFT_STANDARD_LIBRARIES = YES;
				BUNDLE_LOADER = "$(TEST_HOST)";
				CODE_SIGN_STYLE = Automatic;
				INFOPLIST_FILE = olnpickGolferTests/Info.plist;
				IPHONEOS_DEPLOYMENT_TARGET = 14.4;
				LD_RUNPATH_SEARCH_PATHS = (
					"$(inherited)",
					"@executable_path/Frameworks",
					"@loader_path/Frameworks",
				);
				PRODUCT_BUNDLE_IDENTIFIER = com.olnpickGolfer.olnpickGolferTests;
				PRODUCT_NAME = "$(TARGET_NAME)";
				SWIFT_VERSION = 5.0;
				TARGETED_DEVICE_FAMILY = "1,2";
				TEST_HOST = "$(BUILT_PRODUCTS_DIR)/olnpickGolfer.app/olnpickGolfer";
			};
			name = Release;
		};
		16DA3B2025D2CCD200CB172A /* Debug */ = {
			isa = XCBuildConfiguration;
			baseConfigurationReference = E190F9338EDB4688A5F0CB6C /* Pods-olnpickGolfer-olnpickGolferUITests.debug.xcconfig */;
			buildSettings = {
				ALWAYS_EMBED_SWIFT_STANDARD_LIBRARIES = YES;
				CODE_SIGN_STYLE = Automatic;
				INFOPLIST_FILE = olnpickGolferUITests/Info.plist;
				LD_RUNPATH_SEARCH_PATHS = (
					"$(inherited)",
					"@executable_path/Frameworks",
					"@loader_path/Frameworks",
				);
				PRODUCT_BUNDLE_IDENTIFIER = com.olnpickGolfer.olnpickGolferUITests;
				PRODUCT_NAME = "$(TARGET_NAME)";
				SWIFT_VERSION = 5.0;
				TARGETED_DEVICE_FAMILY = "1,2";
				TEST_TARGET_NAME = olnpickGolfer;
			};
			name = Debug;
		};
		16DA3B2125D2CCD200CB172A /* Release */ = {
			isa = XCBuildConfiguration;
			baseConfigurationReference = 18AE928A6C04888F792331B3 /* Pods-olnpickGolfer-olnpickGolferUITests.release.xcconfig */;
			buildSettings = {
				ALWAYS_EMBED_SWIFT_STANDARD_LIBRARIES = YES;
				CODE_SIGN_STYLE = Automatic;
				INFOPLIST_FILE = olnpickGolferUITests/Info.plist;
				LD_RUNPATH_SEARCH_PATHS = (
					"$(inherited)",
					"@executable_path/Frameworks",
					"@loader_path/Frameworks",
				);
				PRODUCT_BUNDLE_IDENTIFIER = com.olnpickGolfer.olnpickGolferUITests;
				PRODUCT_NAME = "$(TARGET_NAME)";
				SWIFT_VERSION = 5.0;
				TARGETED_DEVICE_FAMILY = "1,2";
				TEST_TARGET_NAME = olnpickGolfer;
			};
			name = Release;
		};
/* End XCBuildConfiguration section */

/* Begin XCConfigurationList section */
		16DA3AEA25D2CCCF00CB172A /* Build configuration list for PBXProject "olnpickGolfer" */ = {
			isa = XCConfigurationList;
			buildConfigurations = (
				16DA3B1725D2CCD200CB172A /* Debug */,
				16DA3B1825D2CCD200CB172A /* Release */,
			);
			defaultConfigurationIsVisible = 0;
			defaultConfigurationName = Release;
		};
		16DA3B1925D2CCD200CB172A /* Build configuration list for PBXNativeTarget "olnpickGolfer" */ = {
			isa = XCConfigurationList;
			buildConfigurations = (
				16DA3B1A25D2CCD200CB172A /* Debug */,
				16DA3B1B25D2CCD200CB172A /* Release */,
			);
			defaultConfigurationIsVisible = 0;
			defaultConfigurationName = Release;
		};
		16DA3B1C25D2CCD200CB172A /* Build configuration list for PBXNativeTarget "olnpickGolferTests" */ = {
			isa = XCConfigurationList;
			buildConfigurations = (
				16DA3B1D25D2CCD200CB172A /* Debug */,
				16DA3B1E25D2CCD200CB172A /* Release */,
			);
			defaultConfigurationIsVisible = 0;
			defaultConfigurationName = Release;
		};
		16DA3B1F25D2CCD200CB172A /* Build configuration list for PBXNativeTarget "olnpickGolferUITests" */ = {
			isa = XCConfigurationList;
			buildConfigurations = (
				16DA3B2025D2CCD200CB172A /* Debug */,
				16DA3B2125D2CCD200CB172A /* Release */,
			);
			defaultConfigurationIsVisible = 0;
			defaultConfigurationName = Release;
		};
/* End XCConfigurationList section */
	};
	rootObject = 16DA3AE725D2CCCF00CB172A /* Project object */;
}
